
Microsoft Visual Studio Solution File, Format Version 12.00
# Visual Studio Version 16
VisualStudioVersion = 16.0.30907.101
MinimumVisualStudioVersion = 10.0.40219.1
Project("{FAE04EC0-301F-11D3-BF4B-00C04F79EFBC}") = "Pop3Client", "Pop3Client\Pop3Client.csproj", "{7DF7B816-F6D2-43CA-989E-527CC4240429}"
EndProject
Global
	GlobalSection(SolutionConfigurationPlatforms) = preSolution
		Debug|Any CPU = Debug|Any CPU
		Release|Any CPU = Release|Any CPU
	EndGlobalSection
	GlobalSection(ProjectConfigurationPlatforms) = postSolution
		{7DF7B816-F6D2-43CA-989E-527CC4240429}.Debug|Any CPU.ActiveCfg = Debug|Any CPU
		{7DF7B816-F6D2-43CA-989E-527CC4240429}.Debug|Any CPU.Build.0 = Debug|Any CPU
		{7DF7B816-F6D2-43CA-989E-527CC4240429}.Release|Any CPU.ActiveCfg = Release|Any CPU
		{7DF7B816-F6D2-43CA-989E-527CC4240429}.Release|Any CPU.Build.0 = Release|Any CPU
	EndGlobalSection
	GlobalSection(SolutionProperties) = preSolution
		HideSolutionNode = FALSE
	EndGlobalSection
	GlobalSection(ExtensibilityGlobals) = postSolution
		SolutionGuid = {78EA3F17-74D6-4898-AA30-7C8040EADCBA}
	EndGlobalSection
EndGlobal
